Microsoft Visual Studio Solution File, Format Version 12.00
# Visual Studio Version 16
VisualStudioVersion = 16.0.29709.97
MinimumVisualStudioVersion = 10.0.40219.1
Project("{FAE04EC0-301F-11D3-BF4B-00C04F79EFBC}") = "ProjectCaitlin.Android", "ProjectCaitlin.Android\ProjectCaitlin.Android.csproj", "{DA5B6C21-5AFD-44CC-BFC8-2BEA8D16B949}"
EndProject
Project("{FAE04EC0-301F-11D3-BF4B-00C04F79EFBC}") = "ProjectCaitlin.iOS", "ProjectCaitlin.iOS\ProjectCaitlin.iOS.csproj", "{96AF7B20-3C26-4881-9977-6E36E4A92269}"
EndProject
Project("{9A19103F-16F7-4668-BE54-9A1E7A4F7556}") = "ProjectCaitlin", "ProjectCaitlin\ProjectCaitlin.csproj", "{A11D0612-A51D-412B-9564-23C7D605AF16}"
EndProject
Global
	GlobalSection(SolutionConfigurationPlatforms) = preSolution
		Debug|Any CPU = Debug|Any CPU
		Debug|iPhone = Debug|iPhone
		Debug|iPhoneSimulator = Debug|iPhoneSimulator
		Release|Any CPU = Release|Any CPU
		Release|iPhone = Release|iPhone
		Release|iPhoneSimulator = Release|iPhoneSimulator
	EndGlobalSection
	GlobalSection(ProjectConfigurationPlatforms) = postSolution
		{DA5B6C21-5AFD-44CC-BFC8-2BEA8D16B949}.Debug|Any CPU.ActiveCfg = Debug|Any CPU
		{DA5B6C21-5AFD-44CC-BFC8-2BEA8D16B949}.Debug|Any CPU.Build.0 = Debug|Any CPU
		{DA5B6C21-5AFD-44CC-BFC8-2BEA8D16B949}.Debug|Any CPU.Deploy.0 = Debug|Any CPU
		{DA5B6C21-5AFD-44CC-BFC8-2BEA8D16B949}.Debug|iPhone.ActiveCfg = Debug|Any CPU
		{DA5B6C21-5AFD-44CC-BFC8-2BEA8D16B949}.Debug|iPhone.Build.0 = Debug|Any CPU
		{DA5B6C21-5AFD-44CC-BFC8-2BEA8D16B949}.Debug|iPhoneSimulator.ActiveCfg = Debug|Any CPU
		{DA5B6C21-5AFD-44CC-BFC8-2BEA8D16B949}.Debug|iPhoneSimulator.Build.0 = Debug|Any CPU
		{DA5B6C21-5AFD-44CC-BFC8-2BEA8D16B949}.Release|Any CPU.ActiveCfg = Release|Any CPU
		{DA5B6C21-5AFD-44CC-BFC8-2BEA8D16B949}.Release|Any CPU.Build.0 = Release|Any CPU
		{DA5B6C21-5AFD-44CC-BFC8-2BEA8D16B949}.Release|iPhone.ActiveCfg = Release|Any CPU
		{DA5B6C21-5AFD-44CC-BFC8-2BEA8D16B949}.Release|iPhone.Build.0 = Release|Any CPU
		{DA5B6C21-5AFD-44CC-BFC8-2BEA8D16B949}.Release|iPhoneSimulator.ActiveCfg = Release|Any CPU
		{DA5B6C21-5AFD-44CC-BFC8-2BEA8D16B949}.Release|iPhoneSimulator.Build.0 = Release|Any CPU
		{96AF7B20-3C26-4881-9977-6E36E4A92269}.Debug|Any CPU.ActiveCfg = Debug|iPhoneSimulator
		{96AF7B20-3C26-4881-9977-6E36E4A92269}.Debug|Any CPU.Build.0 = Debug|iPhoneSimulator
		{96AF7B20-3C26-4881-9977-6E36E4A92269}.Debug|iPhone.ActiveCfg = Debug|iPhone
		{96AF7B20-3C26-4881-9977-6E36E4A92269}.Debug|iPhone.Build.0 = Debug|iPhone
		{96AF7B20-3C26-4881-9977-6E36E4A92269}.Debug|iPhoneSimulator.ActiveCfg = Debug|iPhoneSimulator
		{96AF7B20-3C26-4881-9977-6E36E4A92269}.Debug|iPhoneSimulator.Build.0 = Debug|iPhoneSimulator
		{96AF7B20-3C26-4881-9977-6E36E4A92269}.Release|Any CPU.ActiveCfg = Release|iPhoneSimulator
		{96AF7B20-3C26-4881-9977-6E36E4A92269}.Release|Any CPU.Build.0 = Release|iPhoneSimulator
		{96AF7B20-3C26-4881-9977-6E36E4A92269}.Release|iPhone.ActiveCfg = Release|iPhone
		{96AF7B20-3C26-4881-9977-6E36E4A92269}.Release|iPhone.Build.0 = Release|iPhone
		{96AF7B20-3C26-4881-9977-6E36E4A92269}.Release|iPhoneSimulator.ActiveCfg = Release|iPhoneSimulator
		{96AF7B20-3C26-4881-9977-6E36E4A92269}.Release|iPhoneSimulator.Build.0 = Release|iPhoneSimulator
		{A11D0612-A51D-412B-9564-23C7D605AF16}.Debug|Any CPU.ActiveCfg = Debug|Any CPU
		{A11D0612-A51D-412B-9564-23C7D605AF16}.Debug|Any CPU.Build.0 = Debug|Any CPU
		{A11D0612-A51D-412B-9564-23C7D605AF16}.Debug|iPhone.ActiveCfg = Debug|Any CPU
		{A11D0612-A51D-412B-9564-23C7D605AF16}.Debug|iPhone.Build.0 = Debug|Any CPU
		{A11D0612-A51D-412B-9564-23C7D605AF16}.Debug|iPhoneSimulator.ActiveCfg = Debug|Any CPU
		{A11D0612-A51D-412B-9564-23C7D605AF16}.Debug|iPhoneSimulator.Build.0 = Debug|Any CPU
		{A11D0612-A51D-412B-9564-23C7D605AF16}.Release|Any CPU.ActiveCfg = Release|Any CPU
		{A11D0612-A51D-412B-9564-23C7D605AF16}.Release|Any CPU.Build.0 = Release|Any CPU
		{A11D0612-A51D-412B-9564-23C7D605AF16}.Release|iPhone.ActiveCfg = Release|Any CPU
		{A11D0612-A51D-412B-9564-23C7D605AF16}.Release|iPhone.Build.0 = Release|Any CPU
		{A11D0612-A51D-412B-9564-23C7D605AF16}.Release|iPhoneSimulator.ActiveCfg = Release|Any CPU
		{A11D0612-A51D-412B-9564-23C7D605AF16}.Release|iPhoneSimulator.Build.0 = Release|Any CPU
	EndGlobalSection
	GlobalSection(SolutionProperties) = preSolution
		HideSolutionNode = FALSE
	EndGlobalSection
	GlobalSection(ExtensibilityGlobals) = postSolution
		SolutionGuid = {65858516-D139-4004-A1B9-56C6780789FB}
	EndGlobalSection
EndGlobal
