
Microsoft Visual Studio Solution File, Format Version 12.00
# Visual Studio 2012
Project("{FAE04EC0-301F-11D3-BF4B-00C04F79EFBC}") = "VoicePay", "VoicePay\VoicePay.csproj", "{A0E90381-24F5-48EA-8EA3-E6309434B08C}"
EndProject
Project("{FAE04EC0-301F-11D3-BF4B-00C04F79EFBC}") = "VoicePay.iOS", "iOS\VoicePay.iOS.csproj", "{1B0A81A8-D449-4BBE-8B17-139395E75A43}"
EndProject
Project("{FAE04EC0-301F-11D3-BF4B-00C04F79EFBC}") = "VoicePay.Droid", "Droid\VoicePay.Droid.csproj", "{105E44D0-9F8D-4155-A6F8-88FD6D9A73D3}"
EndProject
Project("{FAE04EC0-301F-11D3-BF4B-00C04F79EFBC}") = "SpeakerRecognitionAPI", "SpeakerRecognitionAPI\SpeakerRecognitionAPI.csproj", "{302FBC3F-8D20-48F1-975F-B2FFFC732A80}"
EndProject
Project("{FAE04EC0-301F-11D3-BF4B-00C04F79EFBC}") = "VoicePay.UnitTests", "VoicePay.UnitTests\VoicePay.UnitTests.csproj", "{7A0BD9A8-1E45-47BB-9458-32252C1B733C}"
EndProject
Global
	GlobalSection(SolutionConfigurationPlatforms) = preSolution
		Debug|Any CPU = Debug|Any CPU
		Release|Any CPU = Release|Any CPU
		Debug|iPhoneSimulator = Debug|iPhoneSimulator
		Release|iPhone = Release|iPhone
		Release|iPhoneSimulator = Release|iPhoneSimulator
		Debug|iPhone = Debug|iPhone
	EndGlobalSection
	GlobalSection(ProjectConfigurationPlatforms) = postSolution
		{A0E90381-24F5-48EA-8EA3-E6309434B08C}.Debug|Any CPU.ActiveCfg = Debug|Any CPU
		{A0E90381-24F5-48EA-8EA3-E6309434B08C}.Debug|Any CPU.Build.0 = Debug|Any CPU
		{A0E90381-24F5-48EA-8EA3-E6309434B08C}.Release|Any CPU.ActiveCfg = Release|Any CPU
		{A0E90381-24F5-48EA-8EA3-E6309434B08C}.Release|Any CPU.Build.0 = Release|Any CPU
		{A0E90381-24F5-48EA-8EA3-E6309434B08C}.Debug|iPhoneSimulator.ActiveCfg = Debug|Any CPU
		{A0E90381-24F5-48EA-8EA3-E6309434B08C}.Debug|iPhoneSimulator.Build.0 = Debug|Any CPU
		{A0E90381-24F5-48EA-8EA3-E6309434B08C}.Release|iPhone.ActiveCfg = Release|Any CPU
		{A0E90381-24F5-48EA-8EA3-E6309434B08C}.Release|iPhone.Build.0 = Release|Any CPU
		{A0E90381-24F5-48EA-8EA3-E6309434B08C}.Release|iPhoneSimulator.ActiveCfg = Release|Any CPU
		{A0E90381-24F5-48EA-8EA3-E6309434B08C}.Release|iPhoneSimulator.Build.0 = Release|Any CPU
		{A0E90381-24F5-48EA-8EA3-E6309434B08C}.Debug|iPhone.ActiveCfg = Debug|Any CPU
		{A0E90381-24F5-48EA-8EA3-E6309434B08C}.Debug|iPhone.Build.0 = Debug|Any CPU
		{1B0A81A8-D449-4BBE-8B17-139395E75A43}.Debug|Any CPU.ActiveCfg = Debug|iPhoneSimulator
		{1B0A81A8-D449-4BBE-8B17-139395E75A43}.Debug|Any CPU.Build.0 = Debug|iPhoneSimulator
		{1B0A81A8-D449-4BBE-8B17-139395E75A43}.Release|Any CPU.ActiveCfg = Release|iPhone
		{1B0A81A8-D449-4BBE-8B17-139395E75A43}.Release|Any CPU.Build.0 = Release|iPhone
		{1B0A81A8-D449-4BBE-8B17-139395E75A43}.Debug|iPhoneSimulator.ActiveCfg = Debug|iPhoneSimulator
		{1B0A81A8-D449-4BBE-8B17-139395E75A43}.Debug|iPhoneSimulator.Build.0 = Debug|iPhoneSimulator
		{1B0A81A8-D449-4BBE-8B17-139395E75A43}.Release|iPhone.ActiveCfg = Release|iPhone
		{1B0A81A8-D449-4BBE-8B17-139395E75A43}.Release|iPhone.Build.0 = Release|iPhone
		{1B0A81A8-D449-4BBE-8B17-139395E75A43}.Release|iPhoneSimulator.ActiveCfg = Release|iPhoneSimulator
		{1B0A81A8-D449-4BBE-8B17-139395E75A43}.Release|iPhoneSimulator.Build.0 = Release|iPhoneSimulator
		{1B0A81A8-D449-4BBE-8B17-139395E75A43}.Debug|iPhone.ActiveCfg = Debug|iPhone
		{1B0A81A8-D449-4BBE-8B17-139395E75A43}.Debug|iPhone.Build.0 = Debug|iPhone
		{105E44D0-9F8D-4155-A6F8-88FD6D9A73D3}.Debug|Any CPU.ActiveCfg = Debug|Any CPU
		{105E44D0-9F8D-4155-A6F8-88FD6D9A73D3}.Debug|Any CPU.Build.0 = Debug|Any CPU
		{105E44D0-9F8D-4155-A6F8-88FD6D9A73D3}.Release|Any CPU.ActiveCfg = Release|Any CPU
		{105E44D0-9F8D-4155-A6F8-88FD6D9A73D3}.Release|Any CPU.Build.0 = Release|Any CPU
		{105E44D0-9F8D-4155-A6F8-88FD6D9A73D3}.Debug|iPhoneSimulator.ActiveCfg = Debug|Any CPU
		{105E44D0-9F8D-4155-A6F8-88FD6D9A73D3}.Debug|iPhoneSimulator.Build.0 = Debug|Any CPU
		{105E44D0-9F8D-4155-A6F8-88FD6D9A73D3}.Release|iPhone.ActiveCfg = Release|Any CPU
		{105E44D0-9F8D-4155-A6F8-88FD6D9A73D3}.Release|iPhone.Build.0 = Release|Any CPU
		{105E44D0-9F8D-4155-A6F8-88FD6D9A73D3}.Release|iPhoneSimulator.ActiveCfg = Release|Any CPU
		{105E44D0-9F8D-4155-A6F8-88FD6D9A73D3}.Release|iPhoneSimulator.Build.0 = Release|Any CPU
		{105E44D0-9F8D-4155-A6F8-88FD6D9A73D3}.Debug|iPhone.ActiveCfg = Debug|Any CPU
		{105E44D0-9F8D-4155-A6F8-88FD6D9A73D3}.Debug|iPhone.Build.0 = Debug|Any CPU
		{302FBC3F-8D20-48F1-975F-B2FFFC732A80}.Debug|Any CPU.ActiveCfg = Debug|Any CPU
		{302FBC3F-8D20-48F1-975F-B2FFFC732A80}.Debug|Any CPU.Build.0 = Debug|Any CPU
		{302FBC3F-8D20-48F1-975F-B2FFFC732A80}.Release|Any CPU.ActiveCfg = Release|Any CPU
		{302FBC3F-8D20-48F1-975F-B2FFFC732A80}.Release|Any CPU.Build.0 = Release|Any CPU
		{302FBC3F-8D20-48F1-975F-B2FFFC732A80}.Debug|iPhoneSimulator.ActiveCfg = Debug|Any CPU
		{302FBC3F-8D20-48F1-975F-B2FFFC732A80}.Debug|iPhoneSimulator.Build.0 = Debug|Any CPU
		{302FBC3F-8D20-48F1-975F-B2FFFC732A80}.Release|iPhone.ActiveCfg = Release|Any CPU
		{302FBC3F-8D20-48F1-975F-B2FFFC732A80}.Release|iPhone.Build.0 = Release|Any CPU
		{302FBC3F-8D20-48F1-975F-B2FFFC732A80}.Release|iPhoneSimulator.ActiveCfg = Release|Any CPU
		{302FBC3F-8D20-48F1-975F-B2FFFC732A80}.Release|iPhoneSimulator.Build.0 = Release|Any CPU
		{302FBC3F-8D20-48F1-975F-B2FFFC732A80}.Debug|iPhone.ActiveCfg = Debug|Any CPU
		{302FBC3F-8D20-48F1-975F-B2FFFC732A80}.Debug|iPhone.Build.0 = Debug|Any CPU
		{7A0BD9A8-1E45-47BB-9458-32252C1B733C}.Debug|Any CPU.ActiveCfg = Debug|Any CPU
		{7A0BD9A8-1E45-47BB-9458-32252C1B733C}.Debug|Any CPU.Build.0 = Debug|Any CPU
		{7A0BD9A8-1E45-47BB-9458-32252C1B733C}.Release|Any CPU.ActiveCfg = Release|Any CPU
		{7A0BD9A8-1E45-47BB-9458-32252C1B733C}.Release|Any CPU.Build.0 = Release|Any CPU
		{7A0BD9A8-1E45-47BB-9458-32252C1B733C}.Debug|iPhoneSimulator.ActiveCfg = Debug|Any CPU
		{7A0BD9A8-1E45-47BB-9458-32252C1B733C}.Debug|iPhoneSimulator.Build.0 = Debug|Any CPU
		{7A0BD9A8-1E45-47BB-9458-32252C1B733C}.Release|iPhone.ActiveCfg = Release|Any CPU
		{7A0BD9A8-1E45-47BB-9458-32252C1B733C}.Release|iPhone.Build.0 = Release|Any CPU
		{7A0BD9A8-1E45-47BB-9458-32252C1B733C}.Release|iPhoneSimulator.ActiveCfg = Release|Any CPU
		{7A0BD9A8-1E45-47BB-9458-32252C1B733C}.Release|iPhoneSimulator.Build.0 = Release|Any CPU
		{7A0BD9A8-1E45-47BB-9458-32252C1B733C}.Debug|iPhone.ActiveCfg = Debug|Any CPU
		{7A0BD9A8-1E45-47BB-9458-32252C1B733C}.Debug|iPhone.Build.0 = Debug|Any CPU
	EndGlobalSection
EndGlobal
