
Microsoft Visual Studio Solution File, Format Version 12.00
# Visual Studio Version 16
VisualStudioVersion = 16.0.29418.71
MinimumVisualStudioVersion = 10.0.40219.1
Project("{FAE04EC0-301F-11D3-BF4B-00C04F79EFBC}") = "CreateTable.Android", "CreateTable.Android\CreateTable.Android.csproj", "{970E2140-6730-48EF-A168-1B6B762F0E8D}"
EndProject
Project("{FAE04EC0-301F-11D3-BF4B-00C04F79EFBC}") = "CreateTable.iOS", "CreateTable.iOS\CreateTable.iOS.csproj", "{CC5F38D7-689B-4A87-85FA-56EF7C9E5127}"
EndProject
Project("{FAE04EC0-301F-11D3-BF4B-00C04F79EFBC}") = "CreateTable", "CreateTable\CreateTable.csproj", "{C4A3116F-D59F-4B3B-AEAC-E4C90AC3D1F1}"
EndProject
Global
	GlobalSection(SolutionConfigurationPlatforms) = preSolution
		Debug|Any CPU = Debug|Any CPU
		Debug|iPhone = Debug|iPhone
		Debug|iPhoneSimulator = Debug|iPhoneSimulator
		Release|Any CPU = Release|Any CPU
		Release|iPhone = Release|iPhone
		Release|iPhoneSimulator = Release|iPhoneSimulator
	EndGlobalSection
	GlobalSection(ProjectConfigurationPlatforms) = postSolution
		{970E2140-6730-48EF-A168-1B6B762F0E8D}.Debug|Any CPU.ActiveCfg = Debug|Any CPU
		{970E2140-6730-48EF-A168-1B6B762F0E8D}.Debug|Any CPU.Build.0 = Debug|Any CPU
		{970E2140-6730-48EF-A168-1B6B762F0E8D}.Debug|Any CPU.Deploy.0 = Debug|Any CPU
		{970E2140-6730-48EF-A168-1B6B762F0E8D}.Debug|iPhone.ActiveCfg = Debug|Any CPU
		{970E2140-6730-48EF-A168-1B6B762F0E8D}.Debug|iPhone.Build.0 = Debug|Any CPU
		{970E2140-6730-48EF-A168-1B6B762F0E8D}.Debug|iPhone.Deploy.0 = Debug|Any CPU
		{970E2140-6730-48EF-A168-1B6B762F0E8D}.Debug|iPhoneSimulator.ActiveCfg = Debug|Any CPU
		{970E2140-6730-48EF-A168-1B6B762F0E8D}.Debug|iPhoneSimulator.Build.0 = Debug|Any CPU
		{970E2140-6730-48EF-A168-1B6B762F0E8D}.Debug|iPhoneSimulator.Deploy.0 = Debug|Any CPU
		{970E2140-6730-48EF-A168-1B6B762F0E8D}.Release|Any CPU.ActiveCfg = Release|Any CPU
		{970E2140-6730-48EF-A168-1B6B762F0E8D}.Release|Any CPU.Build.0 = Release|Any CPU
		{970E2140-6730-48EF-A168-1B6B762F0E8D}.Release|Any CPU.Deploy.0 = Release|Any CPU
		{970E2140-6730-48EF-A168-1B6B762F0E8D}.Release|iPhone.ActiveCfg = Release|Any CPU
		{970E2140-6730-48EF-A168-1B6B762F0E8D}.Release|iPhone.Build.0 = Release|Any CPU
		{970E2140-6730-48EF-A168-1B6B762F0E8D}.Release|iPhone.Deploy.0 = Release|Any CPU
		{970E2140-6730-48EF-A168-1B6B762F0E8D}.Release|iPhoneSimulator.ActiveCfg = Release|Any CPU
		{970E2140-6730-48EF-A168-1B6B762F0E8D}.Release|iPhoneSimulator.Build.0 = Release|Any CPU
		{970E2140-6730-48EF-A168-1B6B762F0E8D}.Release|iPhoneSimulator.Deploy.0 = Release|Any CPU
		{CC5F38D7-689B-4A87-85FA-56EF7C9E5127}.Debug|Any CPU.ActiveCfg = Debug|iPhoneSimulator
		{CC5F38D7-689B-4A87-85FA-56EF7C9E5127}.Debug|Any CPU.Build.0 = Debug|iPhoneSimulator
		{CC5F38D7-689B-4A87-85FA-56EF7C9E5127}.Debug|Any CPU.Deploy.0 = Debug|iPhoneSimulator
		{CC5F38D7-689B-4A87-85FA-56EF7C9E5127}.Debug|iPhone.ActiveCfg = Debug|iPhone
		{CC5F38D7-689B-4A87-85FA-56EF7C9E5127}.Debug|iPhone.Build.0 = Debug|iPhone
		{CC5F38D7-689B-4A87-85FA-56EF7C9E5127}.Debug|iPhone.Deploy.0 = Debug|iPhone
		{CC5F38D7-689B-4A87-85FA-56EF7C9E5127}.Debug|iPhoneSimulator.ActiveCfg = Debug|iPhoneSimulator
		{CC5F38D7-689B-4A87-85FA-56EF7C9E5127}.Debug|iPhoneSimulator.Build.0 = Debug|iPhoneSimulator
		{CC5F38D7-689B-4A87-85FA-56EF7C9E5127}.Debug|iPhoneSimulator.Deploy.0 = Debug|iPhoneSimulator
		{CC5F38D7-689B-4A87-85FA-56EF7C9E5127}.Release|Any CPU.ActiveCfg = Release|iPhone
		{CC5F38D7-689B-4A87-85FA-56EF7C9E5127}.Release|Any CPU.Build.0 = Release|iPhone
		{CC5F38D7-689B-4A87-85FA-56EF7C9E5127}.Release|Any CPU.Deploy.0 = Release|iPhone
		{CC5F38D7-689B-4A87-85FA-56EF7C9E5127}.Release|iPhone.ActiveCfg = Release|iPhone
		{CC5F38D7-689B-4A87-85FA-56EF7C9E5127}.Release|iPhone.Build.0 = Release|iPhone
		{CC5F38D7-689B-4A87-85FA-56EF7C9E5127}.Release|iPhone.Deploy.0 = Release|iPhone
		{CC5F38D7-689B-4A87-85FA-56EF7C9E5127}.Release|iPhoneSimulator.ActiveCfg = Release|iPhoneSimulator
		{CC5F38D7-689B-4A87-85FA-56EF7C9E5127}.Release|iPhoneSimulator.Build.0 = Release|iPhoneSimulator
		{CC5F38D7-689B-4A87-85FA-56EF7C9E5127}.Release|iPhoneSimulator.Deploy.0 = Release|iPhoneSimulator
		{C4A3116F-D59F-4B3B-AEAC-E4C90AC3D1F1}.Debug|Any CPU.ActiveCfg = Debug|Any CPU
		{C4A3116F-D59F-4B3B-AEAC-E4C90AC3D1F1}.Debug|Any CPU.Build.0 = Debug|Any CPU
		{C4A3116F-D59F-4B3B-AEAC-E4C90AC3D1F1}.Debug|Any CPU.Deploy.0 = Debug|Any CPU
		{C4A3116F-D59F-4B3B-AEAC-E4C90AC3D1F1}.Debug|iPhone.ActiveCfg = Debug|Any CPU
		{C4A3116F-D59F-4B3B-AEAC-E4C90AC3D1F1}.Debug|iPhone.Build.0 = Debug|Any CPU
		{C4A3116F-D59F-4B3B-AEAC-E4C90AC3D1F1}.Debug|iPhone.Deploy.0 = Debug|Any CPU
		{C4A3116F-D59F-4B3B-AEAC-E4C90AC3D1F1}.Debug|iPhoneSimulator.ActiveCfg = Debug|Any CPU
		{C4A3116F-D59F-4B3B-AEAC-E4C90AC3D1F1}.Debug|iPhoneSimulator.Build.0 = Debug|Any CPU
		{C4A3116F-D59F-4B3B-AEAC-E4C90AC3D1F1}.Debug|iPhoneSimulator.Deploy.0 = Debug|Any CPU
		{C4A3116F-D59F-4B3B-AEAC-E4C90AC3D1F1}.Release|Any CPU.ActiveCfg = Release|Any CPU
		{C4A3116F-D59F-4B3B-AEAC-E4C90AC3D1F1}.Release|Any CPU.Build.0 = Release|Any CPU
		{C4A3116F-D59F-4B3B-AEAC-E4C90AC3D1F1}.Release|Any CPU.Deploy.0 = Release|Any CPU
		{C4A3116F-D59F-4B3B-AEAC-E4C90AC3D1F1}.Release|iPhone.ActiveCfg = Release|Any CPU
		{C4A3116F-D59F-4B3B-AEAC-E4C90AC3D1F1}.Release|iPhone.Build.0 = Release|Any CPU
		{C4A3116F-D59F-4B3B-AEAC-E4C90AC3D1F1}.Release|iPhone.Deploy.0 = Release|Any CPU
		{C4A3116F-D59F-4B3B-AEAC-E4C90AC3D1F1}.Release|iPhoneSimulator.ActiveCfg = Release|Any CPU
		{C4A3116F-D59F-4B3B-AEAC-E4C90AC3D1F1}.Release|iPhoneSimulator.Build.0 = Release|Any CPU
		{C4A3116F-D59F-4B3B-AEAC-E4C90AC3D1F1}.Release|iPhoneSimulator.Deploy.0 = Release|Any CPU
	EndGlobalSection
	GlobalSection(SolutionProperties) = preSolution
		HideSolutionNode = FALSE
	EndGlobalSection
	GlobalSection(ExtensibilityGlobals) = postSolution
		SolutionGuid = {64028555-7438-4B96-B617-AFED0217F420}
	EndGlobalSection
EndGlobal
